
Microsoft Visual Studio Solution File, Format Version 12.00
# Visual Studio 15
VisualStudioVersion = 15.0.28010.2026
MinimumVisualStudioVersion = 10.0.40219.1
Project("{9A19103F-16F7-4668-BE54-9A1E7A4F7556}") = "ContentConsole", "src\ContentConsole\ContentConsole.csproj", "{A8EB0A42-6A11-4A58-943C-492A4A90A278}"
EndProject
Project("{2150E333-8FDC-42A3-9474-1A3956D46DE8}") = "src", "src", "{C071862C-28B8-4196-A64D-79505DB4DEDB}"
EndProject
Project("{2150E333-8FDC-42A3-9474-1A3956D46DE8}") = "tests", "tests", "{9DFEEFA5-B5D0-4EA2-B355-2CACF6DE0C31}"
EndProject
Project("{FAE04EC0-301F-11D3-BF4B-00C04F79EFBC}") = "ContentConsole.Test.Unit", "tests\ContentConsole.Test.Unit\ContentConsole.Test.Unit.csproj", "{F1A4F910-BB4E-4543-B086-8A86A7F753B3}"
EndProject
Global
	GlobalSection(SolutionConfigurationPlatforms) = preSolution
		Debug|Any CPU = Debug|Any CPU
		Release|Any CPU = Release|Any CPU
	EndGlobalSection
	GlobalSection(ProjectConfigurationPlatforms) = postSolution
		{A8EB0A42-6A11-4A58-943C-492A4A90A278}.Debug|Any CPU.ActiveCfg = Debug|Any CPU
		{A8EB0A42-6A11-4A58-943C-492A4A90A278}.Debug|Any CPU.Build.0 = Debug|Any CPU
		{A8EB0A42-6A11-4A58-943C-492A4A90A278}.Release|Any CPU.ActiveCfg = Release|Any CPU
		{A8EB0A42-6A11-4A58-943C-492A4A90A278}.Release|Any CPU.Build.0 = Release|Any CPU
		{F1A4F910-BB4E-4543-B086-8A86A7F753B3}.Debug|Any CPU.ActiveCfg = Debug|Any CPU
		{F1A4F910-BB4E-4543-B086-8A86A7F753B3}.Debug|Any CPU.Build.0 = Debug|Any CPU
		{F1A4F910-BB4E-4543-B086-8A86A7F753B3}.Release|Any CPU.ActiveCfg = Release|Any CPU
		{F1A4F910-BB4E-4543-B086-8A86A7F753B3}.Release|Any CPU.Build.0 = Release|Any CPU
	EndGlobalSection
	GlobalSection(SolutionProperties) = preSolution
		HideSolutionNode = FALSE
	EndGlobalSection
	GlobalSection(NestedProjects) = preSolution
		{A8EB0A42-6A11-4A58-943C-492A4A90A278} = {C071862C-28B8-4196-A64D-79505DB4DEDB}
		{F1A4F910-BB4E-4543-B086-8A86A7F753B3} = {9DFEEFA5-B5D0-4EA2-B355-2CACF6DE0C31}
	EndGlobalSection
	GlobalSection(ExtensibilityGlobals) = postSolution
		SolutionGuid = {16078C2F-083F-4705-B9D2-C4BA235E038C}
	EndGlobalSection
EndGlobal
